
Microsoft Visual Studio Solution File, Format Version 12.00
# Visual Studio Version 17
VisualStudioVersion = 17.7.34024.191
MinimumVisualStudioVersion = 10.0.40219.1
Project("{FAE04EC0-301F-11D3-BF4B-00C04F79EFBC}") = "Praktos2", "Praktos2\Praktos2.csproj", "{9BB4994E-F321-429A-84EC-894DEC54AF58}"
EndProject
Global
	GlobalSection(SolutionConfigurationPlatforms) = preSolution
		Debug|Any CPU = Debug|Any CPU
		Release|Any CPU = Release|Any CPU
	EndGlobalSection
	GlobalSection(ProjectConfigurationPlatforms) = postSolution
		{9BB4994E-F321-429A-84EC-894DEC54AF58}.Debug|Any CPU.ActiveCfg = Debug|Any CPU
		{9BB4994E-F321-429A-84EC-894DEC54AF58}.Debug|Any CPU.Build.0 = Debug|Any CPU
		{9BB4994E-F321-429A-84EC-894DEC54AF58}.Release|Any CPU.ActiveCfg = Release|Any CPU
		{9BB4994E-F321-429A-84EC-894DEC54AF58}.Release|Any CPU.Build.0 = Release|Any CPU
	EndGlobalSection
	GlobalSection(SolutionProperties) = preSolution
		HideSolutionNode = FALSE
	EndGlobalSection
	GlobalSection(ExtensibilityGlobals) = postSolution
		SolutionGuid = {806CE422-5CF9-4A7A-BE8D-3FDA51B4ACE2}
	EndGlobalSection
EndGlobal
